
Microsoft Visual Studio Solution File, Format Version 12.00
# Visual Studio 15
VisualStudioVersion = 15.0.27428.2027
MinimumVisualStudioVersion = 10.0.40219.1
Project("{FAE04EC0-301F-11D3-BF4B-00C04F79EFBC}") = "GetTogether", "GetTogether\GetTogether.csproj", "{4113975E-B2F7-49CD-A65E-AB3EE79A0DFA}"
EndProject
Global
	GlobalSection(SolutionConfigurationPlatforms) = preSolution
		Debug|Any CPU = Debug|Any CPU
		Release|Any CPU = Release|Any CPU
	EndGlobalSection
	GlobalSection(ProjectConfigurationPlatforms) = postSolution
		{4113975E-B2F7-49CD-A65E-AB3EE79A0DFA}.Debug|Any CPU.ActiveCfg = Debug|Any CPU
		{4113975E-B2F7-49CD-A65E-AB3EE79A0DFA}.Debug|Any CPU.Build.0 = Debug|Any CPU
		{4113975E-B2F7-49CD-A65E-AB3EE79A0DFA}.Release|Any CPU.ActiveCfg = Release|Any CPU
		{4113975E-B2F7-49CD-A65E-AB3EE79A0DFA}.Release|Any CPU.Build.0 = Release|Any CPU
	EndGlobalSection
	GlobalSection(SolutionProperties) = preSolution
		HideSolutionNode = FALSE
	EndGlobalSection
	GlobalSection(ExtensibilityGlobals) = postSolution
		SolutionGuid = {F632CCFC-2CAB-4FCA-8E43-CEF514F2CE7E}
	EndGlobalSection
EndGlobal
